
Microsoft Visual Studio Solution File, Format Version 12.00
# Visual Studio Version 17
VisualStudioVersion = 17.0.31919.166
MinimumVisualStudioVersion = 10.0.40219.1
Project("{FAE04EC0-301F-11D3-BF4B-00C04F79EFBC}") = "try-catch-finally", "try-catch-finally\try-catch-finally.csproj", "{8784DD8C-65B8-40CF-8123-216059BC2B64}"
EndProject
Global
	GlobalSection(SolutionConfigurationPlatforms) = preSolution
		Debug|Any CPU = Debug|Any CPU
		Release|Any CPU = Release|Any CPU
	EndGlobalSection
	GlobalSection(ProjectConfigurationPlatforms) = postSolution
		{8784DD8C-65B8-40CF-8123-216059BC2B64}.Debug|Any CPU.ActiveCfg = Debug|Any CPU
		{8784DD8C-65B8-40CF-8123-216059BC2B64}.Debug|Any CPU.Build.0 = Debug|Any CPU
		{8784DD8C-65B8-40CF-8123-216059BC2B64}.Release|Any CPU.ActiveCfg = Release|Any CPU
		{8784DD8C-65B8-40CF-8123-216059BC2B64}.Release|Any CPU.Build.0 = Release|Any CPU
	EndGlobalSection
	GlobalSection(SolutionProperties) = preSolution
		HideSolutionNode = FALSE
	EndGlobalSection
	GlobalSection(ExtensibilityGlobals) = postSolution
		SolutionGuid = {77E6C81E-B1B6-43EB-82EE-4E332153A613}
	EndGlobalSection
EndGlobal
